// !$*UTF8*$!
{
	archiveVersion = 1;
	classes = {
	};
	objectVersion = 56;
	objects = {

/* Begin PBXBuildFile section */
		DB6C2EE72B631FAF0071AFDC /* AppDelegate.swift in Sources */ = {isa = PBXBuildFile; fileRef = DB6C2EE62B631FAF0071AFDC /* AppDelegate.swift */; };
		DB6C2EE92B631FAF0071AFDC /* SceneDelegate.swift in Sources */ = {isa = PBXBuildFile; fileRef = DB6C2EE82B631FAF0071AFDC /* SceneDelegate.swift */; };
		DB6C2EEB2B631FAF0071AFDC /* ViewController.swift in Sources */ = {isa = PBXBuildFile; fileRef = DB6C2EEA2B631FAF0071AFDC /* ViewController.swift */; };
		DB6C2EEE2B631FAF0071AFDC /* Main.storyboard in Resources */ = {isa = PBXBuildFile; fileRef = DB6C2EEC2B631FAF0071AFDC /* Main.storyboard */; };
		DB6C2EF02B631FB10071AFDC /* Assets.xcassets in Resources */ = {isa = PBXBuildFile; fileRef = DB6C2EEF2B631FB10071AFDC /* Assets.xcassets */; };
		DB6C2EF32B631FB10071AFDC /* LaunchScreen.storyboard in Resources */ = {isa = PBXBuildFile; fileRef = DB6C2EF12B631FB10071AFDC /* LaunchScreen.storyboard */; };
		DB6C2EFE2B631FB10071AFDC /* SVGTestTests.swift in Sources */ = {isa = PBXBuildFile; fileRef = DB6C2EFD2B631FB10071AFDC /* SVGTestTests.swift */; };
		DB6C2F082B631FB10071AFDC /* SVGTestUITests.swift in Sources */ = {isa = PBXBuildFile; fileRef = DB6C2F072B631FB10071AFDC /* SVGTestUITests.swift */; };
		DB6C2F0A2B631FB10071AFDC /* SVGTestUITestsLaunchTests.swift in Sources */ = {isa = PBXBuildFile; fileRef = DB6C2F092B631FB10071AFDC /* SVGTestUITestsLaunchTests.swift */; };
/* End PBXBuildFile section */

/* Begin PBXContainerItemProxy section */
		DB6C2EFA2B631FB10071AFDC /* PBXContainerItemProxy */ = {
			isa = PBXContainerItemProxy;
			containerPortal = DB6C2EDB2B631FAF0071AFDC /* Project object */;
			proxyType = 1;
			remoteGlobalIDString = DB6C2EE22B631FAF0071AFDC;
			remoteInfo = SVGTest;
		};
		DB6C2F042B631FB10071AFDC /* PBXContainerItemProxy */ = {
			isa = PBXContainerItemProxy;
			containerPortal = DB6C2EDB2B631FAF0071AFDC /* Project object */;
			proxyType = 1;
			remoteGlobalIDString = DB6C2EE22B631FAF0071AFDC;
			remoteInfo = SVGTest;
		};
/* End PBXContainerItemProxy section */

/* Begin PBXFileReference section */
		DB6C2EE32B631FAF0071AFDC /* SVGTest.app */ = {isa = PBXFileReference; explicitFileType = wrapper.application; includeInIndex = 0; path = SVGTest.app; sourceTree = BUILT_PRODUCTS_DIR; };
		DB6C2EE62B631FAF0071AFDC /* AppDelegate.swift */ = {isa = PBXFileReference; lastKnownFileType = sourcecode.swift; path = AppDelegate.swift; sourceTree = "<group>"; };
		DB6C2EE82B631FAF0071AFDC /* SceneDelegate.swift */ = {isa = PBXFileReference; lastKnownFileType = sourcecode.swift; path = SceneDelegate.swift; sourceTree = "<group>"; };
		DB6C2EEA2B631FAF0071AFDC /* ViewController.swift */ = {isa = PBXFileReference; lastKnownFileType = sourcecode.swift; path = ViewController.swift; sourceTree = "<group>"; };
		DB6C2EED2B631FAF0071AFDC /* Base */ = {isa = PBXFileReference; lastKnownFileType = file.storyboard; name = Base; path = Base.lproj/Main.storyboard; sourceTree = "<group>"; };
		DB6C2EEF2B631FB10071AFDC /* Assets.xcassets */ = {isa = PBXFileReference; lastKnownFileType = folder.assetcatalog; path = Assets.xcassets; sourceTree = "<group>"; };
		DB6C2EF22B631FB10071AFDC /* Base */ = {isa = PBXFileReference; lastKnownFileType = file.storyboard; name = Base; path = Base.lproj/LaunchScreen.storyboard; sourceTree = "<group>"; };
		DB6C2EF42B631FB10071AFDC /* Info.plist */ = {isa = PBXFileReference; lastKnownFileType = text.plist.xml; path = Info.plist; sourceTree = "<group>"; };
		DB6C2EF92B631FB10071AFDC /* SVGTestTests.xctest */ = {isa = PBXFileReference; explicitFileType = wrapper.cfbundle; includeInIndex = 0; path = SVGTestTests.xctest; sourceTree = BUILT_PRODUCTS_DIR; };
		DB6C2EFD2B631FB10071AFDC /* SVGTestTests.swift */ = {isa = PBXFileReference; lastKnownFileType = sourcecode.swift; path = SVGTestTests.swift; sourceTree = "<group>"; };
		DB6C2F032B631FB10071AFDC /* SVGTestUITests.xctest */ = {isa = PBXFileReference; explicitFileType = wrapper.cfbundle; includeInIndex = 0; path = SVGTestUITests.xctest; sourceTree = BUILT_PRODUCTS_DIR; };
		DB6C2F072B631FB10071AFDC /* SVGTestUITests.swift */ = {isa = PBXFileReference; lastKnownFileType = sourcecode.swift; path = SVGTestUITests.swift; sourceTree = "<group>"; };
		DB6C2F092B631FB10071AFDC /* SVGTestUITestsLaunchTests.swift */ = {isa = PBXFileReference; lastKnownFileType = sourcecode.swift; path = SVGTestUITestsLaunchTests.swift; sourceTree = "<group>"; };
/* End PBXFileReference section */

/* Begin PBXFrameworksBuildPhase section */
		DB6C2EE02B631FAF0071AFDC /* Frameworks */ = {
			isa = PBXFrameworksBuildPhase;
			buildActionMask = 2147483647;
			files = (
			);
			runOnlyForDeploymentPostprocessing = 0;
		};
		DB6C2EF62B631FB10071AFDC /* Frameworks */ = {
			isa = PBXFrameworksBuildPhase;
			buildActionMask = 2147483647;
			files = (
			);
			runOnlyForDeploymentPostprocessing = 0;
		};
		DB6C2F002B631FB10071AFDC /* Frameworks */ = {
			isa = PBXFrameworksBuildPhase;
			buildActionMask = 2147483647;
			files = (
			);
			runOnlyForDeploymentPostprocessing = 0;
		};
/* End PBXFrameworksBuildPhase section */

/* Begin PBXGroup section */
		DB6C2EDA2B631FAF0071AFDC = {
			isa = PBXGroup;
			children = (
				DB6C2EE52B631FAF0071AFDC /* SVGTest */,
				DB6C2EFC2B631FB10071AFDC /* SVGTestTests */,
				DB6C2F062B631FB10071AFDC /* SVGTestUITests */,
				DB6C2EE42B631FAF0071AFDC /* Products */,
			);
			sourceTree = "<group>";
		};
		DB6C2EE42B631FAF0071AFDC /* Products */ = {
			isa = PBXGroup;
			children = (
				DB6C2EE32B631FAF0071AFDC /* SVGTest.app */,
				DB6C2EF92B631FB10071AFDC /* SVGTestTests.xctest */,
				DB6C2F032B631FB10071AFDC /* SVGTestUITests.xctest */,
			);
			name = Products;
			sourceTree = "<group>";
		};
		DB6C2EE52B631FAF0071AFDC /* SVGTest */ = {
			isa = PBXGroup;
			children = (
				DB6C2EE62B631FAF0071AFDC /* AppDelegate.swift */,
				DB6C2EE82B631FAF0071AFDC /* SceneDelegate.swift */,
				DB6C2EEA2B631FAF0071AFDC /* ViewController.swift */,
				DB6C2EEC2B631FAF0071AFDC /* Main.storyboard */,
				DB6C2EEF2B631FB10071AFDC /* Assets.xcassets */,
				DB6C2EF12B631FB10071AFDC /* LaunchScreen.storyboard */,
				DB6C2EF42B631FB10071AFDC /* Info.plist */,
			);
			path = SVGTest;
			sourceTree = "<group>";
		};
		DB6C2EFC2B631FB10071AFDC /* SVGTestTests */ = {
			isa = PBXGroup;
			children = (
				DB6C2EFD2B631FB10071AFDC /* SVGTestTests.swift */,
			);
			path = SVGTestTests;
			sourceTree = "<group>";
		};
		DB6C2F062B631FB10071AFDC /* SVGTestUITests */ = {
			isa = PBXGroup;
			children = (
				DB6C2F072B631FB10071AFDC /* SVGTestUITests.swift */,
				DB6C2F092B631FB10071AFDC /* SVGTestUITestsLaunchTests.swift */,
			);
			path = SVGTestUITests;
			sourceTree = "<group>";
		};
/* End PBXGroup section */

/* Begin PBXNativeTarget section */
		DB6C2EE22B631FAF0071AFDC /* SVGTest */ = {
			isa = PBXNativeTarget;
			buildConfigurationList = DB6C2F0D2B631FB10071AFDC /* Build configuration list for PBXNativeTarget "SVGTest" */;
			buildPhases = (
				DB6C2EDF2B631FAF0071AFDC /* Sources */,
				DB6C2EE02B631FAF0071AFDC /* Frameworks */,
				DB6C2EE12B631FAF0071AFDC /* Resources */,
			);
			buildRules = (
			);
			dependencies = (
			);
			name = SVGTest;
			productName = SVGTest;
			productReference = DB6C2EE32B631FAF0071AFDC /* SVGTest.app */;
			productType = "com.apple.product-type.application";
		};
		DB6C2EF82B631FB10071AFDC /* SVGTestTests */ = {
			isa = PBXNativeTarget;
			buildConfigurationList = DB6C2F102B631FB10071AFDC /* Build configuration list for PBXNativeTarget "SVGTestTests" */;
			buildPhases = (
				DB6C2EF52B631FB10071AFDC /* Sources */,
				DB6C2EF62B631FB10071AFDC /* Frameworks */,
				DB6C2EF72B631FB10071AFDC /* Resources */,
			);
			buildRules = (
			);
			dependencies = (
				DB6C2EFB2B631FB10071AFDC /* PBXTargetDependency */,
			);
			name = SVGTestTests;
			productName = SVGTestTests;
			productReference = DB6C2EF92B631FB10071AFDC /* SVGTestTests.xctest */;
			productType = "com.apple.product-type.bundle.unit-test";
		};
		DB6C2F022B631FB10071AFDC /* SVGTestUITests */ = {
			isa = PBXNativeTarget;
			buildConfigurationList = DB6C2F132B631FB10071AFDC /* Build configuration list for PBXNativeTarget "SVGTestUITests" */;
			buildPhases = (
				DB6C2EFF2B631FB10071AFDC /* Sources */,
				DB6C2F002B631FB10071AFDC /* Frameworks */,
				DB6C2F012B631FB10071AFDC /* Resources */,
			);
			buildRules = (
			);
			dependencies = (
				DB6C2F052B631FB10071AFDC /* PBXTargetDependency */,
			);
			name = SVGTestUITests;
			productName = SVGTestUITests;
			productReference = DB6C2F032B631FB10071AFDC /* SVGTestUITests.xctest */;
			productType = "com.apple.product-type.bundle.ui-testing";
		};
/* End PBXNativeTarget section */

/* Begin PBXProject section */
		DB6C2EDB2B631FAF0071AFDC /* Project object */ = {
			isa = PBXProject;
			attributes = {
				BuildIndependentTargetsInParallel = 1;
				LastSwiftUpdateCheck = 1500;
				LastUpgradeCheck = 1500;
				TargetAttributes = {
					DB6C2EE22B631FAF0071AFDC = {
						CreatedOnToolsVersion = 15.0.1;
					};
					DB6C2EF82B631FB10071AFDC = {
						CreatedOnToolsVersion = 15.0.1;
						TestTargetID = DB6C2EE22B631FAF0071AFDC;
					};
					DB6C2F022B631FB10071AFDC = {
						CreatedOnToolsVersion = 15.0.1;
						TestTargetID = DB6C2EE22B631FAF0071AFDC;
					};
				};
			};
			buildConfigurationList = DB6C2EDE2B631FAF0071AFDC /* Build configuration list for PBXProject "SVGTest" */;
			compatibilityVersion = "Xcode 14.0";
			developmentRegion = en;
			hasScannedForEncodings = 0;
			knownRegions = (
				en,
				Base,
			);
			mainGroup = DB6C2EDA2B631FAF0071AFDC;
			productRefGroup = DB6C2EE42B631FAF0071AFDC /* Products */;
			projectDirPath = "";
			projectRoot = "";
			targets = (
				DB6C2EE22B631FAF0071AFDC /* SVGTest */,
				DB6C2EF82B631FB10071AFDC /* SVGTestTests */,
				DB6C2F022B631FB10071AFDC /* SVGTestUITests */,
			);
		};
/* End PBXProject section */

/* Begin PBXResourcesBuildPhase section */
		DB6C2EE12B631FAF0071AFDC /* Resources */ = {
			isa = PBXResourcesBuildPhase;
			buildActionMask = 2147483647;
			files = (
				DB6C2EF32B631FB10071AFDC /* LaunchScreen.storyboard in Resources */,
				DB6C2EF02B631FB10071AFDC /* Assets.xcassets in Resources */,
				DB6C2EEE2B631FAF0071AFDC /* Main.storyboard in Resources */,
			);
			runOnlyForDeploymentPostprocessing = 0;
		};
		DB6C2EF72B631FB10071AFDC /* Resources */ = {
			isa = PBXResourcesBuildPhase;
			buildActionMask = 2147483647;
			files = (
			);
			runOnlyForDeploymentPostprocessing = 0;
		};
		DB6C2F012B631FB10071AFDC /* Resources */ = {
			isa = PBXResourcesBuildPhase;
			buildActionMask = 2147483647;
			files = (
			);
			runOnlyForDeploymentPostprocessing = 0;
		};
/* End PBXResourcesBuildPhase section */

/* Begin PBXSourcesBuildPhase section */
		DB6C2EDF2B631FAF0071AFDC /* Sources */ = {
			isa = PBXSourcesBuildPhase;
			buildActionMask = 2147483647;
			files = (
				DB6C2EEB2B631FAF0071AFDC /* ViewController.swift in Sources */,
				DB6C2EE72B631FAF0071AFDC /* AppDelegate.swift in Sources */,
				DB6C2EE92B631FAF0071AFDC /* SceneDelegate.swift in Sources */,
			);
			runOnlyForDeploymentPostprocessing = 0;
		};
		DB6C2EF52B631FB10071AFDC /* Sources */ = {
			isa = PBXSourcesBuildPhase;
			buildActionMask = 2147483647;
			files = (
				DB6C2EFE2B631FB10071AFDC /* SVGTestTests.swift in Sources */,
			);
			runOnlyForDeploymentPostprocessing = 0;
		};
		DB6C2EFF2B631FB10071AFDC /* Sources */ = {
			isa = PBXSourcesBuildPhase;
			buildActionMask = 2147483647;
			files = (
				DB6C2F082B631FB10071AFDC /* SVGTestUITests.swift in Sources */,
				DB6C2F0A2B631FB10071AFDC /* SVGTestUITestsLaunchTests.swift in Sources */,
			);
			runOnlyForDeploymentPostprocessing = 0;
		};
/* End PBXSourcesBuildPhase section */

/* Begin PBXTargetDependency section */
		DB6C2EFB2B631FB10071AFDC /* PBXTargetDependency */ = {
			isa = PBXTargetDependency;
			target = DB6C2EE22B631FAF0071AFDC /* SVGTest */;
			targetProxy = DB6C2EFA2B631FB10071AFDC /* PBXContainerItemProxy */;
		};
		DB6C2F052B631FB10071AFDC /* PBXTargetDependency */ = {
			isa = PBXTargetDependency;
			target = DB6C2EE22B631FAF0071AFDC /* SVGTest */;
			targetProxy = DB6C2F042B631FB10071AFDC /* PBXContainerItemProxy */;
		};
/* End PBXTargetDependency section */

/* Begin PBXVariantGroup section */
		DB6C2EEC2B631FAF0071AFDC /* Main.storyboard */ = {
			isa = PBXVariantGroup;
			children = (
				DB6C2EED2B631FAF0071AFDC /* Base */,
			);
			name = Main.storyboard;
			sourceTree = "<group>";
		};
		DB6C2EF12B631FB10071AFDC /* LaunchScreen.storyboard */ = {
			isa = PBXVariantGroup;
			children = (
				DB6C2EF22B631FB10071AFDC /* Base */,
			);
			name = LaunchScreen.storyboard;
			sourceTree = "<group>";
		};
/* End PBXVariantGroup section */

/* Begin XCBuildConfiguration section */
		DB6C2F0B2B631FB10071AFDC /* Debug */ = {
			isa = XCBuildConfiguration;
			buildSettings = {
				ALWAYS_SEARCH_USER_PATHS = NO;
				ASSETCATALOG_COMPILER_GENERATE_SWIFT_ASSET_SYMBOL_EXTENSIONS = YES;
				CLANG_ANALYZER_NONNULL = YES;
				CLANG_ANALYZER_NUMBER_OBJECT_CONVERSION = YES_AGGRESSIVE;
				CLANG_CXX_LANGUAGE_STANDARD = "gnu++20";
				CLANG_ENABLE_MODULES = YES;
				CLANG_ENABLE_OBJC_ARC = YES;
				CLANG_ENABLE_OBJC_WEAK = YES;
				CLANG_WARN_BLOCK_CAPTURE_AUTORELEASING = YES;
				CLANG_WARN_BOOL_CONVERSION = YES;
				CLANG_WARN_COMMA = YES;
				CLANG_WARN_CONSTANT_CONVERSION = YES;
				CLANG_WARN_DEPRECATED_OBJC_IMPLEMENTATIONS = YES;
				CLANG_WARN_DIRECT_OBJC_ISA_USAGE = YES_ERROR;
				CLANG_WARN_DOCUMENTATION_COMMENTS = YES;
				CLANG_WARN_EMPTY_BODY = YES;
				CLANG_WARN_ENUM_CONVERSION = YES;
				CLANG_WARN_INFINITE_RECURSION = YES;
				CLANG_WARN_INT_CONVERSION = YES;
				CLANG_WARN_NON_LITERAL_NULL_CONVERSION = YES;
				CLANG_WARN_OBJC_IMPLICIT_RETAIN_SELF = YES;
				CLANG_WARN_OBJC_LITERAL_CONVERSION = YES;
				CLANG_WARN_OBJC_ROOT_CLASS = YES_ERROR;
				CLANG_WARN_QUOTED_INCLUDE_IN_FRAMEWORK_HEADER = YES;
				CLANG_WARN_RANGE_LOOP_ANALYSIS = YES;
				CLANG_WARN_STRICT_PROTOTYPES = YES;
				CLANG_WARN_SUSPICIOUS_MOVE = YES;
				CLANG_WARN_UNGUARDED_AVAILABILITY = YES_AGGRESSIVE;
				CLANG_WARN_UNREACHABLE_CODE = YES;
				CLANG_WARN__DUPLICATE_METHOD_MATCH = YES;
				COPY_PHASE_STRIP = NO;
				DEBUG_INFORMATION_FORMAT = dwarf;
				ENABLE_STRICT_OBJC_MSGSEND = YES;
				ENABLE_TESTABILITY = YES;
				ENABLE_USER_SCRIPT_SANDBOXING = YES;
				GCC_C_LANGUAGE_STANDARD = gnu17;
				GCC_DYNAMIC_NO_PIC = NO;
				GCC_NO_COMMON_BLOCKS = YES;
				GCC_OPTIMIZATION_LEVEL = 0;
				GCC_PREPROCESSOR_DEFINITIONS = (
					"DEBUG=1",
					"$(inherited)",
				);
				GCC_WARN_64_TO_32_BIT_CONVERSION = YES;
				GCC_WARN_ABOUT_RETURN_TYPE = YES_ERROR;
				GCC_WARN_UNDECLARED_SELECTOR = YES;
				GCC_WARN_UNINITIALIZED_AUTOS = YES_AGGRESSIVE;
				GCC_WARN_UNUSED_FUNCTION = YES;
				GCC_WARN_UNUSED_VARIABLE = YES;
				IPHONEOS_DEPLOYMENT_TARGET = 17.0;
				LOCALIZATION_PREFERS_STRING_CATALOGS = YES;
				MTL_ENABLE_DEBUG_INFO = INCLUDE_SOURCE;
				MTL_FAST_MATH = YES;
				ONLY_ACTIVE_ARCH = YES;
				SDKROOT = iphoneos;
				SWIFT_ACTIVE_COMPILATION_CONDITIONS = "DEBUG $(inherited)";
				SWIFT_OPTIMIZATION_LEVEL = "-Onone";
			};
			name = Debug;
		};
		DB6C2F0C2B631FB10071AFDC /* Release */ = {
			isa = XCBuildConfiguration;
			buildSettings = {
				ALWAYS_SEARCH_USER_PATHS = NO;
				ASSETCATALOG_COMPILER_GENERATE_SWIFT_ASSET_SYMBOL_EXTENSIONS = YES;
				CLANG_ANALYZER_NONNULL = YES;
				CLANG_ANALYZER_NUMBER_OBJECT_CONVERSION = YES_AGGRESSIVE;
				CLANG_CXX_LANGUAGE_STANDARD = "gnu++20";
				CLANG_ENABLE_MODULES = YES;
				CLANG_ENABLE_OBJC_ARC = YES;
				CLANG_ENABLE_OBJC_WEAK = YES;
				CLANG_WARN_BLOCK_CAPTURE_AUTORELEASING = YES;
				CLANG_WARN_BOOL_CONVERSION = YES;
				CLANG_WARN_COMMA = YES;
				CLANG_WARN_CONSTANT_CONVERSION = YES;
				CLANG_WARN_DEPRECATED_OBJC_IMPLEMENTATIONS = YES;
				CLANG_WARN_DIRECT_OBJC_ISA_USAGE = YES_ERROR;
				CLANG_WARN_DOCUMENTATION_COMMENTS = YES;
				CLANG_WARN_EMPTY_BODY = YES;
				CLANG_WARN_ENUM_CONVERSION = YES;
				CLANG_WARN_INFINITE_RECURSION = YES;
				CLANG_WARN_INT_CONVERSION = YES;
				CLANG_WARN_NON_LITERAL_NULL_CONVERSION = YES;
				CLANG_WARN_OBJC_IMPLICIT_RETAIN_SELF = YES;
				CLANG_WARN_OBJC_LITERAL_CONVERSION = YES;
				CLANG_WARN_OBJC_ROOT_CLASS = YES_ERROR;
				CLANG_WARN_QUOTED_INCLUDE_IN_FRAMEWORK_HEADER = YES;
				CLANG_WARN_RANGE_LOOP_ANALYSIS = YES;
				CLANG_WARN_STRICT_PROTOTYPES = YES;
				CLANG_WARN_SUSPICIOUS_MOVE = YES;
				CLANG_WARN_UNGUARDED_AVAILABILITY = YES_AGGRESSIVE;
				CLANG_WARN_UNREACHABLE_CODE = YES;
				CLANG_WARN__DUPLICATE_METHOD_MATCH = YES;
				COPY_PHASE_STRIP = NO;
				DEBUG_INFORMATION_FORMAT = "dwarf-with-dsym";
				ENABLE_NS_ASSERTIONS = NO;
				ENABLE_STRICT_OBJC_MSGSEND = YES;
				ENABLE_USER_SCRIPT_SANDBOXING = YES;
				GCC_C_LANGUAGE_STANDARD = gnu17;
				GCC_NO_COMMON_BLOCKS = YES;
				GCC_WARN_64_TO_32_BIT_CONVERSION = YES;
				GCC_WARN_ABOUT_RETURN_TYPE = YES_ERROR;
				GCC_WARN_UNDECLARED_SELECTOR = YES;
				GCC_WARN_UNINITIALIZED_AUTOS = YES_AGGRESSIVE;
				GCC_WARN_UNUSED_FUNCTION = YES;
				GCC_WARN_UNUSED_VARIABLE = YES;
				IPHONEOS_DEPLOYMENT_TARGET = 17.0;
				LOCALIZATION_PREFERS_STRING_CATALOGS = YES;
				MTL_ENABLE_DEBUG_INFO = NO;
				MTL_FAST_MATH = YES;
				SDKROOT = iphoneos;
				SWIFT_COMPILATION_MODE = wholemodule;
				VALIDATE_PRODUCT = YES;
			};
			name = Release;
		};
		DB6C2F0E2B631FB10071AFDC /* Debug */ = {
			isa = XCBuildConfiguration;
			buildSettings = {
				ASSETCATALOG_COMPILER_APPICON_NAME = AppIcon;
				ASSETCATALOG_COMPILER_GLOBAL_ACCENT_COLOR_NAME = AccentColor;
				CODE_SIGN_STYLE = Automatic;
				CURRENT_PROJECT_VERSION = 1;
				DEVELOPMENT_TEAM = 4JKHJALY4V;
				GENERATE_INFOPLIST_FILE = YES;
				INFOPLIST_FILE = SVGTest/Info.plist;
				INFOPLIST_KEY_UIApplicationSupportsIndirectInputEvents = YES;
				INFOPLIST_KEY_UILaunchStoryboardName = LaunchScreen;
				INFOPLIST_KEY_UIMainStoryboardFile = Main;
				INFOPLIST_KEY_UISupportedInterfaceOrientations_iPad = "UIInterfaceOrientationPortrait UIInterfaceOrientationPortraitUpsideDown UIInterfaceOrientationLandscapeLeft UIInterfaceOrientationLandscapeRight";
				INFOPLIST_KEY_UISupportedInterfaceOrientations_iPhone = "UIInterfaceOrientationPortrait UIInterfaceOrientationLandscapeLeft UIInterfaceOrientationLandscapeRight";
				IPHONEOS_DEPLOYMENT_TARGET = 15.0;
				LD_RUNPATH_SEARCH_PATHS = (
					"$(inherited)",
					"@executable_path/Frameworks",
				);
				MARKETING_VERSION = 1.0;
				PRODUCT_BUNDLE_IDENTIFIER = com.SVGTest;
				PRODUCT_NAME = "$(TARGET_NAME)";
				SWIFT_EMIT_LOC_STRINGS = YES;
				SWIFT_VERSION = 5.0;
				TARGETED_DEVICE_FAMILY = "1,2";
			};
			name = Debug;
		};
		DB6C2F0F2B631FB10071AFDC /* Release */ = {
			isa = XCBuildConfiguration;
			buildSettings = {
				ASSETCATALOG_COMPILER_APPICON_NAME = AppIcon;
				ASSETCATALOG_COMPILER_GLOBAL_ACCENT_COLOR_NAME = AccentColor;
				CODE_SIGN_STYLE = Automatic;
				CURRENT_PROJECT_VERSION = 1;
				DEVELOPMENT_TEAM = 4JKHJALY4V;
				GENERATE_INFOPLIST_FILE = YES;
				INFOPLIST_FILE = SVGTest/Info.plist;
				INFOPLIST_KEY_UIApplicationSupportsIndirectInputEvents = YES;
				INFOPLIST_KEY_UILaunchStoryboardName = LaunchScreen;
				INFOPLIST_KEY_UIMainStoryboardFile = Main;
				INFOPLIST_KEY_UISupportedInterfaceOrientations_iPad = "UIInterfaceOrientationPortrait UIInterfaceOrientationPortraitUpsideDown UIInterfaceOrientationLandscapeLeft UIInterfaceOrientationLandscapeRight";
				INFOPLIST_KEY_UISupportedInterfaceOrientations_iPhone = "UIInterfaceOrientationPortrait UIInterfaceOrientationLandscapeLeft UIInterfaceOrientationLandscapeRight";
				IPHONEOS_DEPLOYMENT_TARGET = 15.0;
				LD_RUNPATH_SEARCH_PATHS = (
					"$(inherited)",
					"@executable_path/Frameworks",
				);
				MARKETING_VERSION = 1.0;
				PRODUCT_BUNDLE_IDENTIFIER = com.SVGTest;
				PRODUCT_NAME = "$(TARGET_NAME)";
				SWIFT_EMIT_LOC_STRINGS = YES;
				SWIFT_VERSION = 5.0;
				TARGETED_DEVICE_FAMILY = "1,2";
			};
			name = Release;
		};
		DB6C2F112B631FB10071AFDC /* Debug */ = {
			isa = XCBuildConfiguration;
			buildSettings = {
				ALWAYS_EMBED_SWIFT_STANDARD_LIBRARIES = YES;
				BUNDLE_LOADER = "$(TEST_HOST)";
				CODE_SIGN_STYLE = Automatic;
				CURRENT_PROJECT_VERSION = 1;
				DEVELOPMENT_TEAM = 4JKHJALY4V;
				GENERATE_INFOPLIST_FILE = YES;
				IPHONEOS_DEPLOYMENT_TARGET = 17.0;
				MARKETING_VERSION = 1.0;
				PRODUCT_BUNDLE_IDENTIFIER = com.SVGTestTests;
				PRODUCT_NAME = "$(TARGET_NAME)";
				SWIFT_EMIT_LOC_STRINGS = NO;
				SWIFT_VERSION = 5.0;
				TARGETED_DEVICE_FAMILY = "1,2";
				TEST_HOST = "$(BUILT_PRODUCTS_DIR)/SVGTest.app/$(BUNDLE_EXECUTABLE_FOLDER_PATH)/SVGTest";
			};
			name = Debug;
		};
		DB6C2F122B631FB10071AFDC /* Release */ = {
			isa = XCBuildConfiguration;
			buildSettings = {
				ALWAYS_EMBED_SWIFT_STANDARD_LIBRARIES = YES;
				BUNDLE_LOADER = "$(TEST_HOST)";
				CODE_SIGN_STYLE = Automatic;
				CURRENT_PROJECT_VERSION = 1;
				DEVELOPMENT_TEAM = 4JKHJALY4V;
				GENERATE_INFOPLIST_FILE = YES;
				IPHONEOS_DEPLOYMENT_TARGET = 17.0;
				MARKETING_VERSION = 1.0;
				PRODUCT_BUNDLE_IDENTIFIER = com.SVGTestTests;
				PRODUCT_NAME = "$(TARGET_NAME)";
				SWIFT_EMIT_LOC_STRINGS = NO;
				SWIFT_VERSION = 5.0;
				TARGETED_DEVICE_FAMILY = "1,2";
				TEST_HOST = "$(BUILT_PRODUCTS_DIR)/SVGTest.app/$(BUNDLE_EXECUTABLE_FOLDER_PATH)/SVGTest";
			};
			name = Release;
		};
		DB6C2F142B631FB10071AFDC /* Debug */ = {
			isa = XCBuildConfiguration;
			buildSettings = {
				ALWAYS_EMBED_SWIFT_STANDARD_LIBRARIES = YES;
				CODE_SIGN_STYLE = Automatic;
				CURRENT_PROJECT_VERSION = 1;
				DEVELOPMENT_TEAM = 4JKHJALY4V;
				GENERATE_INFOPLIST_FILE = YES;
				MARKETING_VERSION = 1.0;
				PRODUCT_BUNDLE_IDENTIFIER = com.SVGTestUITests;
				PRODUCT_NAME = "$(TARGET_NAME)";
				SWIFT_EMIT_LOC_STRINGS = NO;
				SWIFT_VERSION = 5.0;
				TARGETED_DEVICE_FAMILY = "1,2";
				TEST_TARGET_NAME = SVGTest;
			};
			name = Debug;
		};
		DB6C2F152B631FB10071AFDC /* Release */ = {
			isa = XCBuildConfiguration;
			buildSettings = {
				ALWAYS_EMBED_SWIFT_STANDARD_LIBRARIES = YES;
				CODE_SIGN_STYLE = Automatic;
				CURRENT_PROJECT_VERSION = 1;
				DEVELOPMENT_TEAM = 4JKHJALY4V;
				GENERATE_INFOPLIST_FILE = YES;
				MARKETING_VERSION = 1.0;
				PRODUCT_BUNDLE_IDENTIFIER = com.SVGTestUITests;
				PRODUCT_NAME = "$(TARGET_NAME)";
				SWIFT_EMIT_LOC_STRINGS = NO;
				SWIFT_VERSION = 5.0;
				TARGETED_DEVICE_FAMILY = "1,2";
				TEST_TARGET_NAME = SVGTest;
			};
			name = Release;
		};
/* End XCBuildConfiguration section */

/* Begin XCConfigurationList section */
		DB6C2EDE2B631FAF0071AFDC /* Build configuration list for PBXProject "SVGTest" */ = {
			isa = XCConfigurationList;
			buildConfigurations = (
				DB6C2F0B2B631FB10071AFDC /* Debug */,
				DB6C2F0C2B631FB10071AFDC /* Release */,
			);
			defaultConfigurationIsVisible = 0;
			defaultConfigurationName = Release;
		};
		DB6C2F0D2B631FB10071AFDC /* Build configuration list for PBXNativeTarget "SVGTest" */ = {
			isa = XCConfigurationList;
			buildConfigurations = (
				DB6C2F0E2B631FB10071AFDC /* Debug */,
				DB6C2F0F2B631FB10071AFDC /* Release */,
			);
			defaultConfigurationIsVisible = 0;
			defaultConfigurationName = Release;
		};
		DB6C2F102B631FB10071AFDC /* Build configuration list for PBXNativeTarget "SVGTestTests" */ = {
			isa = XCConfigurationList;
			buildConfigurations = (
				DB6C2F112B631FB10071AFDC /* Debug */,
				DB6C2F122B631FB10071AFDC /* Release */,
			);
			defaultConfigurationIsVisible = 0;
			defaultConfigurationName = Release;
		};
		DB6C2F132B631FB10071AFDC /* Build configuration list for PBXNativeTarget "SVGTestUITests" */ = {
			isa = XCConfigurationList;
			buildConfigurations = (
				DB6C2F142B631FB10071AFDC /* Debug */,
				DB6C2F152B631FB10071AFDC /* Release */,
			);
			defaultConfigurationIsVisible = 0;
			defaultConfigurationName = Release;
		};
/* End XCConfigurationList section */
	};
	rootObject = DB6C2EDB2B631FAF0071AFDC /* Project object */;
}
